
Microsoft Visual Studio Solution File, Format Version 12.00
# Visual Studio Version 17
VisualStudioVersion = 17.8.34309.116
MinimumVisualStudioVersion = 10.0.40219.1
Project("{FAE04EC0-301F-11D3-BF4B-00C04F79EFBC}") = "CreateAzureBlobContainer", "CreateAzureBlobContainer.csproj", "{1725A057-61E9-425F-A48F-6C1841C06807}"
EndProject
Global
	GlobalSection(SolutionConfigurationPlatforms) = preSolution
		Debug|Any CPU = Debug|Any CPU
		Release|Any CPU = Release|Any CPU
	EndGlobalSection
	GlobalSection(ProjectConfigurationPlatforms) = postSolution
		{1725A057-61E9-425F-A48F-6C1841C06807}.Debug|Any CPU.ActiveCfg = Debug|Any CPU
		{1725A057-61E9-425F-A48F-6C1841C06807}.Debug|Any CPU.Build.0 = Debug|Any CPU
		{1725A057-61E9-425F-A48F-6C1841C06807}.Release|Any CPU.ActiveCfg = Release|Any CPU
		{1725A057-61E9-425F-A48F-6C1841C06807}.Release|Any CPU.Build.0 = Release|Any CPU
	EndGlobalSection
	GlobalSection(SolutionProperties) = preSolution
		HideSolutionNode = FALSE
	EndGlobalSection
	GlobalSection(ExtensibilityGlobals) = postSolution
		SolutionGuid = {7CEBCAD2-F7F5-47AA-8570-5785C099DE80}
	EndGlobalSection
EndGlobal
